
Microsoft Visual Studio Solution File, Format Version 12.00
# Visual Studio Version 16
VisualStudioVersion = 16.0.30320.27
MinimumVisualStudioVersion = 10.0.40219.1
Project("{FAE04EC0-301F-11D3-BF4B-00C04F79EFBC}") = "Entorno_3_00.Android", "Entorno_3_00.Android\Entorno_3_00.Android.csproj", "{3ED9F220-40AC-4224-A802-BBED104E47C5}"
EndProject
Project("{FAE04EC0-301F-11D3-BF4B-00C04F79EFBC}") = "Entorno_3_00.iOS", "Entorno_3_00.iOS\Entorno_3_00.iOS.csproj", "{9EE24190-9427-4024-AE5B-7AC060DC7C0B}"
EndProject
Project("{FAE04EC0-301F-11D3-BF4B-00C04F79EFBC}") = "Entorno_3_00", "Entorno_3_00\Entorno_3_00.csproj", "{B01CF012-6678-4EB1-B788-BAE0E0946445}"
EndProject
Global
	GlobalSection(SolutionConfigurationPlatforms) = preSolution
		Debug|Any CPU = Debug|Any CPU
		Debug|ARM = Debug|ARM
		Debug|iPhone = Debug|iPhone
		Debug|iPhoneSimulator = Debug|iPhoneSimulator
		Debug|x64 = Debug|x64
		Debug|x86 = Debug|x86
		Release|Any CPU = Release|Any CPU
		Release|ARM = Release|ARM
		Release|iPhone = Release|iPhone
		Release|iPhoneSimulator = Release|iPhoneSimulator
		Release|x64 = Release|x64
		Release|x86 = Release|x86
	EndGlobalSection
	GlobalSection(ProjectConfigurationPlatforms) = postSolution
		{3ED9F220-40AC-4224-A802-BBED104E47C5}.Debug|Any CPU.ActiveCfg = Debug|Any CPU
		{3ED9F220-40AC-4224-A802-BBED104E47C5}.Debug|Any CPU.Build.0 = Debug|Any CPU
		{3ED9F220-40AC-4224-A802-BBED104E47C5}.Debug|Any CPU.Deploy.0 = Debug|Any CPU
		{3ED9F220-40AC-4224-A802-BBED104E47C5}.Debug|ARM.ActiveCfg = Debug|Any CPU
		{3ED9F220-40AC-4224-A802-BBED104E47C5}.Debug|ARM.Build.0 = Debug|Any CPU
		{3ED9F220-40AC-4224-A802-BBED104E47C5}.Debug|ARM.Deploy.0 = Debug|Any CPU
		{3ED9F220-40AC-4224-A802-BBED104E47C5}.Debug|iPhone.ActiveCfg = Debug|Any CPU
		{3ED9F220-40AC-4224-A802-BBED104E47C5}.Debug|iPhone.Build.0 = Debug|Any CPU
		{3ED9F220-40AC-4224-A802-BBED104E47C5}.Debug|iPhone.Deploy.0 = Debug|Any CPU
		{3ED9F220-40AC-4224-A802-BBED104E47C5}.Debug|iPhoneSimulator.ActiveCfg = Debug|Any CPU
		{3ED9F220-40AC-4224-A802-BBED104E47C5}.Debug|iPhoneSimulator.Build.0 = Debug|Any CPU
		{3ED9F220-40AC-4224-A802-BBED104E47C5}.Debug|iPhoneSimulator.Deploy.0 = Debug|Any CPU
		{3ED9F220-40AC-4224-A802-BBED104E47C5}.Debug|x64.ActiveCfg = Debug|Any CPU
		{3ED9F220-40AC-4224-A802-BBED104E47C5}.Debug|x64.Build.0 = Debug|Any CPU
		{3ED9F220-40AC-4224-A802-BBED104E47C5}.Debug|x64.Deploy.0 = Debug|Any CPU
		{3ED9F220-40AC-4224-A802-BBED104E47C5}.Debug|x86.ActiveCfg = Debug|Any CPU
		{3ED9F220-40AC-4224-A802-BBED104E47C5}.Debug|x86.Build.0 = Debug|Any CPU
		{3ED9F220-40AC-4224-A802-BBED104E47C5}.Debug|x86.Deploy.0 = Debug|Any CPU
		{3ED9F220-40AC-4224-A802-BBED104E47C5}.Release|Any CPU.ActiveCfg = Release|Any CPU
		{3ED9F220-40AC-4224-A802-BBED104E47C5}.Release|Any CPU.Build.0 = Release|Any CPU
		{3ED9F220-40AC-4224-A802-BBED104E47C5}.Release|Any CPU.Deploy.0 = Release|Any CPU
		{3ED9F220-40AC-4224-A802-BBED104E47C5}.Release|ARM.ActiveCfg = Release|Any CPU
		{3ED9F220-40AC-4224-A802-BBED104E47C5}.Release|ARM.Build.0 = Release|Any CPU
		{3ED9F220-40AC-4224-A802-BBED104E47C5}.Release|ARM.Deploy.0 = Release|Any CPU
		{3ED9F220-40AC-4224-A802-BBED104E47C5}.Release|iPhone.ActiveCfg = Release|Any CPU
		{3ED9F220-40AC-4224-A802-BBED104E47C5}.Release|iPhone.Build.0 = Release|Any CPU
		{3ED9F220-40AC-4224-A802-BBED104E47C5}.Release|iPhone.Deploy.0 = Release|Any CPU
		{3ED9F220-40AC-4224-A802-BBED104E47C5}.Release|iPhoneSimulator.ActiveCfg = Release|Any CPU
		{3ED9F220-40AC-4224-A802-BBED104E47C5}.Release|iPhoneSimulator.Build.0 = Release|Any CPU
		{3ED9F220-40AC-4224-A802-BBED104E47C5}.Release|iPhoneSimulator.Deploy.0 = Release|Any CPU
		{3ED9F220-40AC-4224-A802-BBED104E47C5}.Release|x64.ActiveCfg = Release|Any CPU
		{3ED9F220-40AC-4224-A802-BBED104E47C5}.Release|x64.Build.0 = Release|Any CPU
		{3ED9F220-40AC-4224-A802-BBED104E47C5}.Release|x64.Deploy.0 = Release|Any CPU
		{3ED9F220-40AC-4224-A802-BBED104E47C5}.Release|x86.ActiveCfg = Release|Any CPU
		{3ED9F220-40AC-4224-A802-BBED104E47C5}.Release|x86.Build.0 = Release|Any CPU
		{3ED9F220-40AC-4224-A802-BBED104E47C5}.Release|x86.Deploy.0 = Release|Any CPU
		{9EE24190-9427-4024-AE5B-7AC060DC7C0B}.Debug|Any CPU.ActiveCfg = Debug|iPhone
		{9EE24190-9427-4024-AE5B-7AC060DC7C0B}.Debug|Any CPU.Build.0 = Debug|iPhone
		{9EE24190-9427-4024-AE5B-7AC060DC7C0B}.Debug|Any CPU.Deploy.0 = Debug|iPhone
		{9EE24190-9427-4024-AE5B-7AC060DC7C0B}.Debug|ARM.ActiveCfg = Debug|iPhone
		{9EE24190-9427-4024-AE5B-7AC060DC7C0B}.Debug|ARM.Build.0 = Debug|iPhone
		{9EE24190-9427-4024-AE5B-7AC060DC7C0B}.Debug|ARM.Deploy.0 = Debug|iPhone
		{9EE24190-9427-4024-AE5B-7AC060DC7C0B}.Debug|iPhone.ActiveCfg = Debug|iPhone
		{9EE24190-9427-4024-AE5B-7AC060DC7C0B}.Debug|iPhone.Build.0 = Debug|iPhone
		{9EE24190-9427-4024-AE5B-7AC060DC7C0B}.Debug|iPhone.Deploy.0 = Debug|iPhone
		{9EE24190-9427-4024-AE5B-7AC060DC7C0B}.Debug|iPhoneSimulator.ActiveCfg = Debug|iPhoneSimulator
		{9EE24190-9427-4024-AE5B-7AC060DC7C0B}.Debug|iPhoneSimulator.Build.0 = Debug|iPhoneSimulator
		{9EE24190-9427-4024-AE5B-7AC060DC7C0B}.Debug|iPhoneSimulator.Deploy.0 = Debug|iPhoneSimulator
		{9EE24190-9427-4024-AE5B-7AC060DC7C0B}.Debug|x64.ActiveCfg = Debug|iPhone
		{9EE24190-9427-4024-AE5B-7AC060DC7C0B}.Debug|x64.Build.0 = Debug|iPhone
		{9EE24190-9427-4024-AE5B-7AC060DC7C0B}.Debug|x64.Deploy.0 = Debug|iPhone
		{9EE24190-9427-4024-AE5B-7AC060DC7C0B}.Debug|x86.ActiveCfg = Debug|iPhone
		{9EE24190-9427-4024-AE5B-7AC060DC7C0B}.Debug|x86.Build.0 = Debug|iPhone
		{9EE24190-9427-4024-AE5B-7AC060DC7C0B}.Debug|x86.Deploy.0 = Debug|iPhone
		{9EE24190-9427-4024-AE5B-7AC060DC7C0B}.Release|Any CPU.ActiveCfg = Release|iPhone
		{9EE24190-9427-4024-AE5B-7AC060DC7C0B}.Release|Any CPU.Build.0 = Release|iPhone
		{9EE24190-9427-4024-AE5B-7AC060DC7C0B}.Release|Any CPU.Deploy.0 = Release|iPhone
		{9EE24190-9427-4024-AE5B-7AC060DC7C0B}.Release|ARM.ActiveCfg = Release|iPhone
		{9EE24190-9427-4024-AE5B-7AC060DC7C0B}.Release|ARM.Build.0 = Release|iPhone
		{9EE24190-9427-4024-AE5B-7AC060DC7C0B}.Release|ARM.Deploy.0 = Release|iPhone
		{9EE24190-9427-4024-AE5B-7AC060DC7C0B}.Release|iPhone.ActiveCfg = Release|iPhone
		{9EE24190-9427-4024-AE5B-7AC060DC7C0B}.Release|iPhone.Build.0 = Release|iPhone
		{9EE24190-9427-4024-AE5B-7AC060DC7C0B}.Release|iPhone.Deploy.0 = Release|iPhone
		{9EE24190-9427-4024-AE5B-7AC060DC7C0B}.Release|iPhoneSimulator.ActiveCfg = Release|iPhoneSimulator
		{9EE24190-9427-4024-AE5B-7AC060DC7C0B}.Release|iPhoneSimulator.Build.0 = Release|iPhoneSimulator
		{9EE24190-9427-4024-AE5B-7AC060DC7C0B}.Release|iPhoneSimulator.Deploy.0 = Release|iPhoneSimulator
		{9EE24190-9427-4024-AE5B-7AC060DC7C0B}.Release|x64.ActiveCfg = Release|iPhone
		{9EE24190-9427-4024-AE5B-7AC060DC7C0B}.Release|x64.Build.0 = Release|iPhone
		{9EE24190-9427-4024-AE5B-7AC060DC7C0B}.Release|x64.Deploy.0 = Release|iPhone
		{9EE24190-9427-4024-AE5B-7AC060DC7C0B}.Release|x86.ActiveCfg = Release|iPhone
		{9EE24190-9427-4024-AE5B-7AC060DC7C0B}.Release|x86.Build.0 = Release|iPhone
		{9EE24190-9427-4024-AE5B-7AC060DC7C0B}.Release|x86.Deploy.0 = Release|iPhone
		{B01CF012-6678-4EB1-B788-BAE0E0946445}.Debug|Any CPU.ActiveCfg = Debug|Any CPU
		{B01CF012-6678-4EB1-B788-BAE0E0946445}.Debug|Any CPU.Build.0 = Debug|Any CPU
		{B01CF012-6678-4EB1-B788-BAE0E0946445}.Debug|Any CPU.Deploy.0 = Debug|Any CPU
		{B01CF012-6678-4EB1-B788-BAE0E0946445}.Debug|ARM.ActiveCfg = Debug|Any CPU
		{B01CF012-6678-4EB1-B788-BAE0E0946445}.Debug|ARM.Build.0 = Debug|Any CPU
		{B01CF012-6678-4EB1-B788-BAE0E0946445}.Debug|ARM.Deploy.0 = Debug|Any CPU
		{B01CF012-6678-4EB1-B788-BAE0E0946445}.Debug|iPhone.ActiveCfg = Debug|Any CPU
		{B01CF012-6678-4EB1-B788-BAE0E0946445}.Debug|iPhone.Build.0 = Debug|Any CPU
		{B01CF012-6678-4EB1-B788-BAE0E0946445}.Debug|iPhone.Deploy.0 = Debug|Any CPU
		{B01CF012-6678-4EB1-B788-BAE0E0946445}.Debug|iPhoneSimulator.ActiveCfg = Debug|Any CPU
		{B01CF012-6678-4EB1-B788-BAE0E0946445}.Debug|iPhoneSimulator.Build.0 = Debug|Any CPU
		{B01CF012-6678-4EB1-B788-BAE0E0946445}.Debug|iPhoneSimulator.Deploy.0 = Debug|Any CPU
		{B01CF012-6678-4EB1-B788-BAE0E0946445}.Debug|x64.ActiveCfg = Debug|Any CPU
		{B01CF012-6678-4EB1-B788-BAE0E0946445}.Debug|x64.Build.0 = Debug|Any CPU
		{B01CF012-6678-4EB1-B788-BAE0E0946445}.Debug|x64.Deploy.0 = Debug|Any CPU
		{B01CF012-6678-4EB1-B788-BAE0E0946445}.Debug|x86.ActiveCfg = Debug|Any CPU
		{B01CF012-6678-4EB1-B788-BAE0E0946445}.Debug|x86.Build.0 = Debug|Any CPU
		{B01CF012-6678-4EB1-B788-BAE0E0946445}.Debug|x86.Deploy.0 = Debug|Any CPU
		{B01CF012-6678-4EB1-B788-BAE0E0946445}.Release|Any CPU.ActiveCfg = Release|Any CPU
		{B01CF012-6678-4EB1-B788-BAE0E0946445}.Release|Any CPU.Build.0 = Release|Any CPU
		{B01CF012-6678-4EB1-B788-BAE0E0946445}.Release|Any CPU.Deploy.0 = Release|Any CPU
		{B01CF012-6678-4EB1-B788-BAE0E0946445}.Release|ARM.ActiveCfg = Release|Any CPU
		{B01CF012-6678-4EB1-B788-BAE0E0946445}.Release|ARM.Build.0 = Release|Any CPU
		{B01CF012-6678-4EB1-B788-BAE0E0946445}.Release|ARM.Deploy.0 = Release|Any CPU
		{B01CF012-6678-4EB1-B788-BAE0E0946445}.Release|iPhone.ActiveCfg = Release|Any CPU
		{B01CF012-6678-4EB1-B788-BAE0E0946445}.Release|iPhone.Build.0 = Release|Any CPU
		{B01CF012-6678-4EB1-B788-BAE0E0946445}.Release|iPhone.Deploy.0 = Release|Any CPU
		{B01CF012-6678-4EB1-B788-BAE0E0946445}.Release|iPhoneSimulator.ActiveCfg = Release|Any CPU
		{B01CF012-6678-4EB1-B788-BAE0E0946445}.Release|iPhoneSimulator.Build.0 = Release|Any CPU
		{B01CF012-6678-4EB1-B788-BAE0E0946445}.Release|iPhoneSimulator.Deploy.0 = Release|Any CPU
		{B01CF012-6678-4EB1-B788-BAE0E0946445}.Release|x64.ActiveCfg = Release|Any CPU
		{B01CF012-6678-4EB1-B788-BAE0E0946445}.Release|x64.Build.0 = Release|Any CPU
		{B01CF012-6678-4EB1-B788-BAE0E0946445}.Release|x64.Deploy.0 = Release|Any CPU
		{B01CF012-6678-4EB1-B788-BAE0E0946445}.Release|x86.ActiveCfg = Release|Any CPU
		{B01CF012-6678-4EB1-B788-BAE0E0946445}.Release|x86.Build.0 = Release|Any CPU
		{B01CF012-6678-4EB1-B788-BAE0E0946445}.Release|x86.Deploy.0 = Release|Any CPU
	EndGlobalSection
	GlobalSection(SolutionProperties) = preSolution
		HideSolutionNode = FALSE
	EndGlobalSection
	GlobalSection(ExtensibilityGlobals) = postSolution
		SolutionGuid = {C1841A3A-4B5C-42AE-8252-55C728BC3481}
	EndGlobalSection
EndGlobal
